
Microsoft Visual Studio Solution File, Format Version 12.00
# Visual Studio Version 16
VisualStudioVersion = 16.0.30523.141
MinimumVisualStudioVersion = 10.0.40219.1
Project("{9A19103F-16F7-4668-BE54-9A1E7A4F7556}") = "BasicCalculatorApp", "BasicCalculatorApp\BasicCalculatorApp.csproj", "{8E71B0E4-A867-4579-8C72-A639099323DF}"
EndProject
Project("{9A19103F-16F7-4668-BE54-9A1E7A4F7556}") = "BasicCalculatorAppLibrary", "BasicCalculatorAppLibrary\BasicCalculatorAppLibrary.csproj", "{E12FC12E-53A2-42D7-BE54-27C96B4E52F4}"
EndProject
Project("{9A19103F-16F7-4668-BE54-9A1E7A4F7556}") = "BasicCalculatorAppUnitTests", "BasicCalculatorAppUnitTests\BasicCalculatorAppUnitTests.csproj", "{BA7BBAD6-4BE6-4AE4-9F43-75EC80C4ECC1}"
EndProject
Project("{FAE04EC0-301F-11D3-BF4B-00C04F79EFBC}") = "CalculatorAppAPI", "CalculatorAppAPI\CalculatorAppAPI.csproj", "{DF493618-A00A-40FE-8C17-C7A58DE4F7A9}"
EndProject
Global
	GlobalSection(SolutionConfigurationPlatforms) = preSolution
		Debug|Any CPU = Debug|Any CPU
		Release|Any CPU = Release|Any CPU
	EndGlobalSection
	GlobalSection(ProjectConfigurationPlatforms) = postSolution
		{8E71B0E4-A867-4579-8C72-A639099323DF}.Debug|Any CPU.ActiveCfg = Debug|Any CPU
		{8E71B0E4-A867-4579-8C72-A639099323DF}.Debug|Any CPU.Build.0 = Debug|Any CPU
		{8E71B0E4-A867-4579-8C72-A639099323DF}.Release|Any CPU.ActiveCfg = Release|Any CPU
		{8E71B0E4-A867-4579-8C72-A639099323DF}.Release|Any CPU.Build.0 = Release|Any CPU
		{E12FC12E-53A2-42D7-BE54-27C96B4E52F4}.Debug|Any CPU.ActiveCfg = Debug|Any CPU
		{E12FC12E-53A2-42D7-BE54-27C96B4E52F4}.Debug|Any CPU.Build.0 = Debug|Any CPU
		{E12FC12E-53A2-42D7-BE54-27C96B4E52F4}.Release|Any CPU.ActiveCfg = Release|Any CPU
		{E12FC12E-53A2-42D7-BE54-27C96B4E52F4}.Release|Any CPU.Build.0 = Release|Any CPU
		{BA7BBAD6-4BE6-4AE4-9F43-75EC80C4ECC1}.Debug|Any CPU.ActiveCfg = Debug|Any CPU
		{BA7BBAD6-4BE6-4AE4-9F43-75EC80C4ECC1}.Debug|Any CPU.Build.0 = Debug|Any CPU
		{BA7BBAD6-4BE6-4AE4-9F43-75EC80C4ECC1}.Release|Any CPU.ActiveCfg = Release|Any CPU
		{BA7BBAD6-4BE6-4AE4-9F43-75EC80C4ECC1}.Release|Any CPU.Build.0 = Release|Any CPU
		{DF493618-A00A-40FE-8C17-C7A58DE4F7A9}.Debug|Any CPU.ActiveCfg = Debug|Any CPU
		{DF493618-A00A-40FE-8C17-C7A58DE4F7A9}.Debug|Any CPU.Build.0 = Debug|Any CPU
		{DF493618-A00A-40FE-8C17-C7A58DE4F7A9}.Release|Any CPU.ActiveCfg = Release|Any CPU
		{DF493618-A00A-40FE-8C17-C7A58DE4F7A9}.Release|Any CPU.Build.0 = Release|Any CPU
	EndGlobalSection
	GlobalSection(SolutionProperties) = preSolution
		HideSolutionNode = FALSE
	EndGlobalSection
	GlobalSection(ExtensibilityGlobals) = postSolution
		SolutionGuid = {E10D2EF0-1402-4C2F-85EE-DCD95065EAC8}
	EndGlobalSection
EndGlobal
